
Microsoft Visual Studio Solution File, Format Version 12.00
# Visual Studio Version 17
VisualStudioVersion = 17.14.36301.6 d17.14
MinimumVisualStudioVersion = 10.0.40219.1
Project("{FAE04EC0-301F-11D3-BF4B-00C04F79EFBC}") = "CinemaDomain", "..\..\source\repos\Cinema\CinemaDomain\CinemaDomain.csproj", "{F8064ABB-5F8D-4879-A6DA-EA0594397484}"
EndProject
Project("{FAE04EC0-301F-11D3-BF4B-00C04F79EFBC}") = "Cinema.Console", "..\..\source\repos\Cinema\Cinema.Console\Cinema.Console.csproj", "{101AAC9B-3B78-4C21-B8F6-2254BD9BFD36}"
EndProject
Global
	GlobalSection(SolutionConfigurationPlatforms) = preSolution
		Debug|Any CPU = Debug|Any CPU
		Release|Any CPU = Release|Any CPU
	EndGlobalSection
	GlobalSection(ProjectConfigurationPlatforms) = postSolution
		{F8064ABB-5F8D-4879-A6DA-EA0594397484}.Debug|Any CPU.ActiveCfg = Debug|Any CPU
		{F8064ABB-5F8D-4879-A6DA-EA0594397484}.Debug|Any CPU.Build.0 = Debug|Any CPU
		{F8064ABB-5F8D-4879-A6DA-EA0594397484}.Release|Any CPU.ActiveCfg = Release|Any CPU
		{F8064ABB-5F8D-4879-A6DA-EA0594397484}.Release|Any CPU.Build.0 = Release|Any CPU
		{101AAC9B-3B78-4C21-B8F6-2254BD9BFD36}.Debug|Any CPU.ActiveCfg = Debug|Any CPU
		{101AAC9B-3B78-4C21-B8F6-2254BD9BFD36}.Debug|Any CPU.Build.0 = Debug|Any CPU
		{101AAC9B-3B78-4C21-B8F6-2254BD9BFD36}.Release|Any CPU.ActiveCfg = Release|Any CPU
		{101AAC9B-3B78-4C21-B8F6-2254BD9BFD36}.Release|Any CPU.Build.0 = Release|Any CPU
	EndGlobalSection
	GlobalSection(SolutionProperties) = preSolution
		HideSolutionNode = FALSE
	EndGlobalSection
	GlobalSection(ExtensibilityGlobals) = postSolution
		SolutionGuid = {BA8D25D0-926E-4954-936C-15544C7176F1}
	EndGlobalSection
EndGlobal
